
Microsoft Visual Studio Solution File, Format Version 12.00
# Visual Studio Version 16
VisualStudioVersion = 16.0.31729.503
MinimumVisualStudioVersion = 10.0.40219.1
Project("{9A19103F-16F7-4668-BE54-9A1E7A4F7556}") = "WormLifeSimulator", "WormLifeSimulator\WormLifeSimulator.csproj", "{30E7F1AF-F8C2-440F-9045-9D06BDD0E1EB}"
EndProject
Project("{9A19103F-16F7-4668-BE54-9A1E7A4F7556}") = "LogicApi", "LogicApi\LogicApi.csproj", "{D0B11CB6-373F-4E61-B074-2DD7C5AF9ED5}"
EndProject
Project("{FAE04EC0-301F-11D3-BF4B-00C04F79EFBC}") = "WormLifeSimulator.Tests", "WormLifeSimulator.Tests\WormLifeSimulator.Tests.csproj", "{0D5C72D6-CEEB-44B3-AE65-88B41249AEB6}"
EndProject
Global
	GlobalSection(SolutionConfigurationPlatforms) = preSolution
		Debug|Any CPU = Debug|Any CPU
		Release|Any CPU = Release|Any CPU
	EndGlobalSection
	GlobalSection(ProjectConfigurationPlatforms) = postSolution
		{30E7F1AF-F8C2-440F-9045-9D06BDD0E1EB}.Debug|Any CPU.ActiveCfg = Debug|Any CPU
		{30E7F1AF-F8C2-440F-9045-9D06BDD0E1EB}.Debug|Any CPU.Build.0 = Debug|Any CPU
		{30E7F1AF-F8C2-440F-9045-9D06BDD0E1EB}.Release|Any CPU.ActiveCfg = Release|Any CPU
		{30E7F1AF-F8C2-440F-9045-9D06BDD0E1EB}.Release|Any CPU.Build.0 = Release|Any CPU
		{D0B11CB6-373F-4E61-B074-2DD7C5AF9ED5}.Debug|Any CPU.ActiveCfg = Debug|Any CPU
		{D0B11CB6-373F-4E61-B074-2DD7C5AF9ED5}.Debug|Any CPU.Build.0 = Debug|Any CPU
		{D0B11CB6-373F-4E61-B074-2DD7C5AF9ED5}.Release|Any CPU.ActiveCfg = Release|Any CPU
		{D0B11CB6-373F-4E61-B074-2DD7C5AF9ED5}.Release|Any CPU.Build.0 = Release|Any CPU
		{0D5C72D6-CEEB-44B3-AE65-88B41249AEB6}.Debug|Any CPU.ActiveCfg = Debug|Any CPU
		{0D5C72D6-CEEB-44B3-AE65-88B41249AEB6}.Debug|Any CPU.Build.0 = Debug|Any CPU
		{0D5C72D6-CEEB-44B3-AE65-88B41249AEB6}.Release|Any CPU.ActiveCfg = Release|Any CPU
		{0D5C72D6-CEEB-44B3-AE65-88B41249AEB6}.Release|Any CPU.Build.0 = Release|Any CPU
	EndGlobalSection
	GlobalSection(SolutionProperties) = preSolution
		HideSolutionNode = FALSE
	EndGlobalSection
	GlobalSection(ExtensibilityGlobals) = postSolution
		SolutionGuid = {0F2BFDF5-F5D0-4EC4-B3C6-DBCB6AC36779}
	EndGlobalSection
EndGlobal
